
Microsoft Visual Studio Solution File, Format Version 12.00
# Visual Studio Version 16
VisualStudioVersion = 16.0.31613.86
MinimumVisualStudioVersion = 10.0.40219.1
Project("{2150E333-8FDC-42A3-9474-1A3956D46DE8}") = "AuthGG.Client.Tests", "AuthGG.Client.Tests", "{A5A14D43-2BA5-4D39-A7C1-6AA4449F0A52}"
EndProject
Project("{9A19103F-16F7-4668-BE54-9A1E7A4F7556}") = "AuthGG.Client.Tests", "AuthGG.Client.Tests\AuthGG.Client.Tests.csproj", "{288939F1-3057-413D-BCA5-17EFF4553DBF}"
EndProject
Project("{9A19103F-16F7-4668-BE54-9A1E7A4F7556}") = "AuthGG.Client", "AuthGG.Client\AuthGG.Client.csproj", "{4A86D429-5E06-47CF-9C37-67BAF42FE546}"
EndProject
Global
	GlobalSection(SolutionConfigurationPlatforms) = preSolution
		Debug|Any CPU = Debug|Any CPU
		Release|Any CPU = Release|Any CPU
	EndGlobalSection
	GlobalSection(ProjectConfigurationPlatforms) = postSolution
		{288939F1-3057-413D-BCA5-17EFF4553DBF}.Debug|Any CPU.ActiveCfg = Debug|Any CPU
		{288939F1-3057-413D-BCA5-17EFF4553DBF}.Debug|Any CPU.Build.0 = Debug|Any CPU
		{288939F1-3057-413D-BCA5-17EFF4553DBF}.Release|Any CPU.ActiveCfg = Release|Any CPU
		{288939F1-3057-413D-BCA5-17EFF4553DBF}.Release|Any CPU.Build.0 = Release|Any CPU
		{4A86D429-5E06-47CF-9C37-67BAF42FE546}.Debug|Any CPU.ActiveCfg = Debug|Any CPU
		{4A86D429-5E06-47CF-9C37-67BAF42FE546}.Debug|Any CPU.Build.0 = Debug|Any CPU
		{4A86D429-5E06-47CF-9C37-67BAF42FE546}.Release|Any CPU.ActiveCfg = Release|Any CPU
		{4A86D429-5E06-47CF-9C37-67BAF42FE546}.Release|Any CPU.Build.0 = Release|Any CPU
	EndGlobalSection
	GlobalSection(SolutionProperties) = preSolution
		HideSolutionNode = FALSE
	EndGlobalSection
	GlobalSection(NestedProjects) = preSolution
		{288939F1-3057-413D-BCA5-17EFF4553DBF} = {A5A14D43-2BA5-4D39-A7C1-6AA4449F0A52}
	EndGlobalSection
	GlobalSection(ExtensibilityGlobals) = postSolution
		SolutionGuid = {E4A98D32-DB53-4D4F-8748-64336F242C81}
	EndGlobalSection
EndGlobal
